
Microsoft Visual Studio Solution File, Format Version 12.00
# Visual Studio Version 16
VisualStudioVersion = 16.0.29926.136
MinimumVisualStudioVersion = 10.0.40219.1
Project("{FAE04EC0-301F-11D3-BF4B-00C04F79EFBC}") = "PruebaAuto", "PruebaAuto.csproj", "{9C924629-5445-44F5-9C8E-7CE546468C9D}"
EndProject
Global
	GlobalSection(SolutionConfigurationPlatforms) = preSolution
		Debug|Any CPU = Debug|Any CPU
		Release|Any CPU = Release|Any CPU
	EndGlobalSection
	GlobalSection(ProjectConfigurationPlatforms) = postSolution
		{9C924629-5445-44F5-9C8E-7CE546468C9D}.Debug|Any CPU.ActiveCfg = Debug|Any CPU
		{9C924629-5445-44F5-9C8E-7CE546468C9D}.Debug|Any CPU.Build.0 = Debug|Any CPU
		{9C924629-5445-44F5-9C8E-7CE546468C9D}.Release|Any CPU.ActiveCfg = Release|Any CPU
		{9C924629-5445-44F5-9C8E-7CE546468C9D}.Release|Any CPU.Build.0 = Release|Any CPU
	EndGlobalSection
	GlobalSection(SolutionProperties) = preSolution
		HideSolutionNode = FALSE
	EndGlobalSection
	GlobalSection(ExtensibilityGlobals) = postSolution
		SolutionGuid = {A2C90012-7F62-4B7F-9576-4494824BB807}
	EndGlobalSection
EndGlobal
